// !$*UTF8*$!
{
	archiveVersion = 1;
	classes = {
	};
	objectVersion = 46;
	objects = {

/* Begin PBXBuildFile section */
		BC11D99E1B784BC500538B61 /* main.m in Sources */ = {isa = PBXBuildFile; fileRef = BC11D99D1B784BC500538B61 /* main.m */; };
		BC11D9A11B784BC500538B61 /* AppDelegate.m in Sources */ = {isa = PBXBuildFile; fileRef = BC11D9A01B784BC500538B61 /* AppDelegate.m */; };
		BC11D9A41B784BC500538B61 /* ViewController.m in Sources */ = {isa = PBXBuildFile; fileRef = BC11D9A31B784BC500538B61 /* ViewController.m */; };
		BC11D9A91B784BC500538B61 /* Images.xcassets in Resources */ = {isa = PBXBuildFile; fileRef = BC11D9A81B784BC500538B61 /* Images.xcassets */; };
		BC11D9AC1B784BC500538B61 /* LaunchScreen.xib in Resources */ = {isa = PBXBuildFile; fileRef = BC11D9AA1B784BC500538B61 /* LaunchScreen.xib */; };
		BC11D9B81B784BC500538B61 /* _2_TestStaticTests.m in Sources */ = {isa = PBXBuildFile; fileRef = BC11D9B71B784BC500538B61 /* _2_TestStaticTests.m */; };
		BC11D9CF1B784CE900538B61 /* lib01_Static.a in Frameworks */ = {isa = PBXBuildFile; fileRef = BC11D9CE1B784CE900538B61 /* lib01_Static.a */; };
/* End PBXBuildFile section */

/* Begin PBXContainerItemProxy section */
		BC11D9B21B784BC500538B61 /* PBXContainerItemProxy */ = {
			isa = PBXContainerItemProxy;
			containerPortal = BC11D9901B784BC400538B61 /* Project object */;
			proxyType = 1;
			remoteGlobalIDString = BC11D9971B784BC400538B61;
			remoteInfo = 02_TestStatic;
		};
/* End PBXContainerItemProxy section */

/* Begin PBXFileReference section */
		BC11D9981B784BC400538B61 /* 02_TestStatic.app */ = {isa = PBXFileReference; explicitFileType = wrapper.application; includeInIndex = 0; path = 02_TestStatic.app; sourceTree = BUILT_PRODUCTS_DIR; };
		BC11D99C1B784BC500538B61 /* Info.plist */ = {isa = PBXFileReference; lastKnownFileType = text.plist.xml; path = Info.plist; sourceTree = "<group>"; };
		BC11D99D1B784BC500538B61 /* main.m */ = {isa = PBXFileReference; lastKnownFileType = sourcecode.c.objc; path = main.m; sourceTree = "<group>"; };
		BC11D99F1B784BC500538B61 /* AppDelegate.h */ = {isa = PBXFileReference; lastKnownFileType = sourcecode.c.h; path = AppDelegate.h; sourceTree = "<group>"; };
		BC11D9A01B784BC500538B61 /* AppDelegate.m */ = {isa = PBXFileReference; lastKnownFileType = sourcecode.c.objc; path = AppDelegate.m; sourceTree = "<group>"; };
		BC11D9A21B784BC500538B61 /* ViewController.h */ = {isa = PBXFileReference; lastKnownFileType = sourcecode.c.h; path = ViewController.h; sourceTree = "<group>"; };
		BC11D9A31B784BC500538B61 /* ViewController.m */ = {isa = PBXFileReference; lastKnownFileType = sourcecode.c.objc; path = ViewController.m; sourceTree = "<group>"; };
		BC11D9A81B784BC500538B61 /* Images.xcassets */ = {isa = PBXFileReference; lastKnownFileType = folder.assetcatalog; path = Images.xcassets; sourceTree = "<group>"; };
		BC11D9AB1B784BC500538B61 /* Base */ = {isa = PBXFileReference; lastKnownFileType = file.xib; name = Base; path = Base.lproj/LaunchScreen.xib; sourceTree = "<group>"; };
		BC11D9B11B784BC500538B61 /* 02_TestStaticTests.xctest */ = {isa = PBXFileReference; explicitFileType = wrapper.cfbundle; includeInIndex = 0; path = 02_TestStaticTests.xctest; sourceTree = BUILT_PRODUCTS_DIR; };
		BC11D9B61B784BC500538B61 /* Info.plist */ = {isa = PBXFileReference; lastKnownFileType = text.plist.xml; path = Info.plist; sourceTree = "<group>"; };
		BC11D9B71B784BC500538B61 /* _2_TestStaticTests.m */ = {isa = PBXFileReference; lastKnownFileType = sourcecode.c.objc; path = _2_TestStaticTests.m; sourceTree = "<group>"; };
		BC11D9CD1B784CE900538B61 /* _1_Static.h */ = {isa = PBXFileReference; fileEncoding = 4; lastKnownFileType = sourcecode.c.h; path = _1_Static.h; sourceTree = "<group>"; };
		BC11D9CE1B784CE900538B61 /* lib01_Static.a */ = {isa = PBXFileReference; lastKnownFileType = archive.ar; path = lib01_Static.a; sourceTree = "<group>"; };
/* End PBXFileReference section */

/* Begin PBXFrameworksBuildPhase section */
		BC11D9951B784BC400538B61 /* Frameworks */ = {
			isa = PBXFrameworksBuildPhase;
			buildActionMask = 2147483647;
			files = (
				BC11D9CF1B784CE900538B61 /* lib01_Static.a in Frameworks */,
			);
			runOnlyForDeploymentPostprocessing = 0;
		};
		BC11D9AE1B784BC500538B61 /* Frameworks */ = {
			isa = PBXFrameworksBuildPhase;
			buildActionMask = 2147483647;
			files = (
			);
			runOnlyForDeploymentPostprocessing = 0;
		};
/* End PBXFrameworksBuildPhase section */

/* Begin PBXGroup section */
		BC11D98F1B784BC400538B61 = {
			isa = PBXGroup;
			children = (
				BC11D9CA1B784CE900538B61 /* First */,
				BC11D99A1B784BC400538B61 /* 02_TestStatic */,
				BC11D9B41B784BC500538B61 /* 02_TestStaticTests */,
				BC11D9991B784BC400538B61 /* Products */,
			);
			sourceTree = "<group>";
		};
		BC11D9991B784BC400538B61 /* Products */ = {
			isa = PBXGroup;
			children = (
				BC11D9981B784BC400538B61 /* 02_TestStatic.app */,
				BC11D9B11B784BC500538B61 /* 02_TestStaticTests.xctest */,
			);
			name = Products;
			sourceTree = "<group>";
		};
		BC11D99A1B784BC400538B61 /* 02_TestStatic */ = {
			isa = PBXGroup;
			children = (
				BC11D99F1B784BC500538B61 /* AppDelegate.h */,
				BC11D9A01B784BC500538B61 /* AppDelegate.m */,
				BC11D9A21B784BC500538B61 /* ViewController.h */,
				BC11D9A31B784BC500538B61 /* ViewController.m */,
				BC11D9A81B784BC500538B61 /* Images.xcassets */,
				BC11D9AA1B784BC500538B61 /* LaunchScreen.xib */,
				BC11D99B1B784BC500538B61 /* Supporting Files */,
			);
			path = 02_TestStatic;
			sourceTree = "<group>";
		};
		BC11D99B1B784BC500538B61 /* Supporting Files */ = {
			isa = PBXGroup;
			children = (
				BC11D99C1B784BC500538B61 /* Info.plist */,
				BC11D99D1B784BC500538B61 /* main.m */,
			);
			name = "Supporting Files";
			sourceTree = "<group>";
		};
		BC11D9B41B784BC500538B61 /* 02_TestStaticTests */ = {
			isa = PBXGroup;
			children = (
				BC11D9B71B784BC500538B61 /* _2_TestStaticTests.m */,
				BC11D9B51B784BC500538B61 /* Supporting Files */,
			);
			path = 02_TestStaticTests;
			sourceTree = "<group>";
		};
		BC11D9B51B784BC500538B61 /* Supporting Files */ = {
			isa = PBXGroup;
			children = (
				BC11D9B61B784BC500538B61 /* Info.plist */,
			);
			name = "Supporting Files";
			sourceTree = "<group>";
		};
		BC11D9CA1B784CE900538B61 /* First */ = {
			isa = PBXGroup;
			children = (
				BC11D9CB1B784CE900538B61 /* include */,
				BC11D9CE1B784CE900538B61 /* lib01_Static.a */,
			);
			name = First;
			path = 02_TestStatic/First;
			sourceTree = "<group>";
		};
		BC11D9CB1B784CE900538B61 /* include */ = {
			isa = PBXGroup;
			children = (
				BC11D9CC1B784CE900538B61 /* 01_Static */,
			);
			path = include;
			sourceTree = "<group>";
		};
		BC11D9CC1B784CE900538B61 /* 01_Static */ = {
			isa = PBXGroup;
			children = (
				BC11D9CD1B784CE900538B61 /* _1_Static.h */,
			);
			path = 01_Static;
			sourceTree = "<group>";
		};
/* End PBXGroup section */

/* Begin PBXNativeTarget section */
		BC11D9971B784BC400538B61 /* 02_TestStatic */ = {
			isa = PBXNativeTarget;
			buildConfigurationList = BC11D9BB1B784BC500538B61 /* Build configuration list for PBXNativeTarget "02_TestStatic" */;
			buildPhases = (
				BC11D9941B784BC400538B61 /* Sources */,
				BC11D9951B784BC400538B61 /* Frameworks */,
				BC11D9961B784BC400538B61 /* Resources */,
			);
			buildRules = (
			);
			dependencies = (
			);
			name = 02_TestStatic;
			productName = 02_TestStatic;
			productReference = BC11D9981B784BC400538B61 /* 02_TestStatic.app */;
			productType = "com.apple.product-type.application";
		};
		BC11D9B01B784BC500538B61 /* 02_TestStaticTests */ = {
			isa = PBXNativeTarget;
			buildConfigurationList = BC11D9BE1B784BC500538B61 /* Build configuration list for PBXNativeTarget "02_TestStaticTests" */;
			buildPhases = (
				BC11D9AD1B784BC500538B61 /* Sources */,
				BC11D9AE1B784BC500538B61 /* Frameworks */,
				BC11D9AF1B784BC500538B61 /* Resources */,
			);
			buildRules = (
			);
			dependencies = (
				BC11D9B31B784BC500538B61 /* PBXTargetDependency */,
			);
			name = 02_TestStaticTests;
			productName = 02_TestStaticTests;
			productReference = BC11D9B11B784BC500538B61 /* 02_TestStaticTests.xctest */;
			productType = "com.apple.product-type.bundle.unit-test";
		};
/* End PBXNativeTarget section */

/* Begin PBXProject section */
		BC11D9901B784BC400538B61 /* Project object */ = {
			isa = PBXProject;
			attributes = {
				LastUpgradeCheck = 0630;
				ORGANIZATIONNAME = "小太爷";
				TargetAttributes = {
					BC11D9971B784BC400538B61 = {
						CreatedOnToolsVersion = 6.3;
					};
					BC11D9B01B784BC500538B61 = {
						CreatedOnToolsVersion = 6.3;
						TestTargetID = BC11D9971B784BC400538B61;
					};
				};
			};
			buildConfigurationList = BC11D9931B784BC400538B61 /* Build configuration list for PBXProject "02_TestStatic" */;
			compatibilityVersion = "Xcode 3.2";
			developmentRegion = English;
			hasScannedForEncodings = 0;
			knownRegions = (
				en,
				Base,
			);
			mainGroup = BC11D98F1B784BC400538B61;
			productRefGroup = BC11D9991B784BC400538B61 /* Products */;
			projectDirPath = "";
			projectRoot = "";
			targets = (
				BC11D9971B784BC400538B61 /* 02_TestStatic */,
				BC11D9B01B784BC500538B61 /* 02_TestStaticTests */,
			);
		};
/* End PBXProject section */

/* Begin PBXResourcesBuildPhase section */
		BC11D9961B784BC400538B61 /* Resources */ = {
			isa = PBXResourcesBuildPhase;
			buildActionMask = 2147483647;
			files = (
				BC11D9AC1B784BC500538B61 /* LaunchScreen.xib in Resources */,
				BC11D9A91B784BC500538B61 /* Images.xcassets in Resources */,
			);
			runOnlyForDeploymentPostprocessing = 0;
		};
		BC11D9AF1B784BC500538B61 /* Resources */ = {
			isa = PBXResourcesBuildPhase;
			buildActionMask = 2147483647;
			files = (
			);
			runOnlyForDeploymentPostprocessing = 0;
		};
/* End PBXResourcesBuildPhase section */

/* Begin PBXSourcesBuildPhase section */
		BC11D9941B784BC400538B61 /* Sources */ = {
			isa = PBXSourcesBuildPhase;
			buildActionMask = 2147483647;
			files = (
				BC11D9A41B784BC500538B61 /* ViewController.m in Sources */,
				BC11D9A11B784BC500538B61 /* AppDelegate.m in Sources */,
				BC11D99E1B784BC500538B61 /* main.m in Sources */,
			);
			runOnlyForDeploymentPostprocessing = 0;
		};
		BC11D9AD1B784BC500538B61 /* Sources */ = {
			isa = PBXSourcesBuildPhase;
			buildActionMask = 2147483647;
			files = (
				BC11D9B81B784BC500538B61 /* _2_TestStaticTests.m in Sources */,
			);
			runOnlyForDeploymentPostprocessing = 0;
		};
/* End PBXSourcesBuildPhase section */

/* Begin PBXTargetDependency section */
		BC11D9B31B784BC500538B61 /* PBXTargetDependency */ = {
			isa = PBXTargetDependency;
			target = BC11D9971B784BC400538B61 /* 02_TestStatic */;
			targetProxy = BC11D9B21B784BC500538B61 /* PBXContainerItemProxy */;
		};
/* End PBXTargetDependency section */

/* Begin PBXVariantGroup section */
		BC11D9AA1B784BC500538B61 /* LaunchScreen.xib */ = {
			isa = PBXVariantGroup;
			children = (
				BC11D9AB1B784BC500538B61 /* Base */,
			);
			name = LaunchScreen.xib;
			sourceTree = "<group>";
		};
/* End PBXVariantGroup section */

/* Begin XCBuildConfiguration section */
		BC11D9B91B784BC500538B61 /* Debug */ = {
			isa = XCBuildConfiguration;
			buildSettings = {
				ALWAYS_SEARCH_USER_PATHS = NO;
				CLANG_CXX_LANGUAGE_STANDARD = "gnu++0x";
				CLANG_CXX_LIBRARY = "libc++";
				CLANG_ENABLE_MODULES = YES;
				CLANG_ENABLE_OBJC_ARC = YES;
				CLANG_WARN_BOOL_CONVERSION = YES;
				CLANG_WARN_CONSTANT_CONVERSION = YES;
				CLANG_WARN_DIRECT_OBJC_ISA_USAGE = YES_ERROR;
				CLANG_WARN_EMPTY_BODY = YES;
				CLANG_WARN_ENUM_CONVERSION = YES;
				CLANG_WARN_INT_CONVERSION = YES;
				CLANG_WARN_OBJC_ROOT_CLASS = YES_ERROR;
				CLANG_WARN_UNREACHABLE_CODE = YES;
				CLANG_WARN__DUPLICATE_METHOD_MATCH = YES;
				"CODE_SIGN_IDENTITY[sdk=iphoneos*]" = "iPhone Developer";
				COPY_PHASE_STRIP = NO;
				DEBUG_INFORMATION_FORMAT = "dwarf-with-dsym";
				ENABLE_STRICT_OBJC_MSGSEND = YES;
				GCC_C_LANGUAGE_STANDARD = gnu99;
				GCC_DYNAMIC_NO_PIC = NO;
				GCC_NO_COMMON_BLOCKS = YES;
				GCC_OPTIMIZATION_LEVEL = 0;
				GCC_PREPROCESSOR_DEFINITIONS = (
					"DEBUG=1",
					"$(inherited)",
				);
				GCC_SYMBOLS_PRIVATE_EXTERN = NO;
				GCC_WARN_64_TO_32_BIT_CONVERSION = YES;
				GCC_WARN_ABOUT_RETURN_TYPE = YES_ERROR;
				GCC_WARN_UNDECLARED_SELECTOR = YES;
				GCC_WARN_UNINITIALIZED_AUTOS = YES_AGGRESSIVE;
				GCC_WARN_UNUSED_FUNCTION = YES;
				GCC_WARN_UNUSED_VARIABLE = YES;
				IPHONEOS_DEPLOYMENT_TARGET = 8.3;
				MTL_ENABLE_DEBUG_INFO = YES;
				ONLY_ACTIVE_ARCH = YES;
				SDKROOT = iphoneos;
			};
			name = Debug;
		};
		BC11D9BA1B784BC500538B61 /* Release */ = {
			isa = XCBuildConfiguration;
			buildSettings = {
				ALWAYS_SEARCH_USER_PATHS = NO;
				CLANG_CXX_LANGUAGE_STANDARD = "gnu++0x";
				CLANG_CXX_LIBRARY = "libc++";
				CLANG_ENABLE_MODULES = YES;
				CLANG_ENABLE_OBJC_ARC = YES;
				CLANG_WARN_BOOL_CONVERSION = YES;
				CLANG_WARN_CONSTANT_CONVERSION = YES;
				CLANG_WARN_DIRECT_OBJC_ISA_USAGE = YES_ERROR;
				CLANG_WARN_EMPTY_BODY = YES;
				CLANG_WARN_ENUM_CONVERSION = YES;
				CLANG_WARN_INT_CONVERSION = YES;
				CLANG_WARN_OBJC_ROOT_CLASS = YES_ERROR;
				CLANG_WARN_UNREACHABLE_CODE = YES;
				CLANG_WARN__DUPLICATE_METHOD_MATCH = YES;
				"CODE_SIGN_IDENTITY[sdk=iphoneos*]" = "iPhone Developer";
				COPY_PHASE_STRIP = NO;
				DEBUG_INFORMATION_FORMAT = "dwarf-with-dsym";
				ENABLE_NS_ASSERTIONS = NO;
				ENABLE_STRICT_OBJC_MSGSEND = YES;
				GCC_C_LANGUAGE_STANDARD = gnu99;
				GCC_NO_COMMON_BLOCKS = YES;
				GCC_WARN_64_TO_32_BIT_CONVERSION = YES;
				GCC_WARN_ABOUT_RETURN_TYPE = YES_ERROR;
				GCC_WARN_UNDECLARED_SELECTOR = YES;
				GCC_WARN_UNINITIALIZED_AUTOS = YES_AGGRESSIVE;
				GCC_WARN_UNUSED_FUNCTION = YES;
				GCC_WARN_UNUSED_VARIABLE = YES;
				IPHONEOS_DEPLOYMENT_TARGET = 8.3;
				MTL_ENABLE_DEBUG_INFO = NO;
				SDKROOT = iphoneos;
				VALIDATE_PRODUCT = YES;
			};
			name = Release;
		};
		BC11D9BC1B784BC500538B61 /* Debug */ = {
			isa = XCBuildConfiguration;
			buildSettings = {
				ASSETCATALOG_COMPILER_APPICON_NAME = AppIcon;
				INFOPLIST_FILE = 02_TestStatic/Info.plist;
				LD_RUNPATH_SEARCH_PATHS = "$(inherited) @executable_path/Frameworks";
				LIBRARY_SEARCH_PATHS = (
					"$(inherited)",
					"$(PROJECT_DIR)/First",
					"$(PROJECT_DIR)/02_TestStatic/First",
				);
				PRODUCT_NAME = "$(TARGET_NAME)";
			};
			name = Debug;
		};
		BC11D9BD1B784BC500538B61 /* Release */ = {
			isa = XCBuildConfiguration;
			buildSettings = {
				ASSETCATALOG_COMPILER_APPICON_NAME = AppIcon;
				INFOPLIST_FILE = 02_TestStatic/Info.plist;
				LD_RUNPATH_SEARCH_PATHS = "$(inherited) @executable_path/Frameworks";
				LIBRARY_SEARCH_PATHS = (
					"$(inherited)",
					"$(PROJECT_DIR)/First",
					"$(PROJECT_DIR)/02_TestStatic/First",
				);
				PRODUCT_NAME = "$(TARGET_NAME)";
			};
			name = Release;
		};
		BC11D9BF1B784BC500538B61 /* Debug */ = {
			isa = XCBuildConfiguration;
			buildSettings = {
				BUNDLE_LOADER = "$(TEST_HOST)";
				FRAMEWORK_SEARCH_PATHS = (
					"$(SDKROOT)/Developer/Library/Frameworks",
					"$(inherited)",
				);
				GCC_PREPROCESSOR_DEFINITIONS = (
					"DEBUG=1",
					"$(inherited)",
				);
				INFOPLIST_FILE = 02_TestStaticTests/Info.plist;
				LD_RUNPATH_SEARCH_PATHS = "$(inherited) @executable_path/Frameworks @loader_path/Frameworks";
				PRODUCT_NAME = "$(TARGET_NAME)";
				TEST_HOST = "$(BUILT_PRODUCTS_DIR)/02_TestStatic.app/02_TestStatic";
			};
			name = Debug;
		};
		BC11D9C01B784BC500538B61 /* Release */ = {
			isa = XCBuildConfiguration;
			buildSettings = {
				BUNDLE_LOADER = "$(TEST_HOST)";
				FRAMEWORK_SEARCH_PATHS = (
					"$(SDKROOT)/Developer/Library/Frameworks",
					"$(inherited)",
				);
				INFOPLIST_FILE = 02_TestStaticTests/Info.plist;
				LD_RUNPATH_SEARCH_PATHS = "$(inherited) @executable_path/Frameworks @loader_path/Frameworks";
				PRODUCT_NAME = "$(TARGET_NAME)";
				TEST_HOST = "$(BUILT_PRODUCTS_DIR)/02_TestStatic.app/02_TestStatic";
			};
			name = Release;
		};
/* End XCBuildConfiguration section */

/* Begin XCConfigurationList section */
		BC11D9931B784BC400538B61 /* Build configuration list for PBXProject "02_TestStatic" */ = {
			isa = XCConfigurationList;
			buildConfigurations = (
				BC11D9B91B784BC500538B61 /* Debug */,
				BC11D9BA1B784BC500538B61 /* Release */,
			);
			defaultConfigurationIsVisible = 0;
			defaultConfigurationName = Release;
		};
		BC11D9BB1B784BC500538B61 /* Build configuration list for PBXNativeTarget "02_TestStatic" */ = {
			isa = XCConfigurationList;
			buildConfigurations = (
				BC11D9BC1B784BC500538B61 /* Debug */,
				BC11D9BD1B784BC500538B61 /* Release */,
			);
			defaultConfigurationIsVisible = 0;
			defaultConfigurationName = Release;
		};
		BC11D9BE1B784BC500538B61 /* Build configuration list for PBXNativeTarget "02_TestStaticTests" */ = {
			isa = XCConfigurationList;
			buildConfigurations = (
				BC11D9BF1B784BC500538B61 /* Debug */,
				BC11D9C01B784BC500538B61 /* Release */,
			);
			defaultConfigurationIsVisible = 0;
			defaultConfigurationName = Release;
		};
/* End XCConfigurationList section */
	};
	rootObject = BC11D9901B784BC400538B61 /* Project object */;
}
